
Microsoft Visual Studio Solution File, Format Version 12.00
# Visual Studio Version 17
VisualStudioVersion = 17.8.34511.84
MinimumVisualStudioVersion = 10.0.40219.1
Project("{FAE04EC0-301F-11D3-BF4B-00C04F79EFBC}") = "CTBX.WebPortal", "src\CTBX.WebPortal\CTBX.WebPortal\CTBX.WebPortal.csproj", "{0D7D37CE-38B4-4D0B-9BEB-3C9656D429B1}"
EndProject
Project("{FAE04EC0-301F-11D3-BF4B-00C04F79EFBC}") = "CTBX.WebPortal.Client", "src\CTBX.WebPortal\CTBX.WebPortal.Client\CTBX.WebPortal.Client.csproj", "{1CC84EB3-55B4-4183-AF89-18B323B133D7}"
EndProject
Project("{FAE04EC0-301F-11D3-BF4B-00C04F79EFBC}") = "CTBX.AppHost", "src\CTBX.AppHost\CTBX.AppHost.csproj", "{2E94F147-BCA3-4AB4-8B4A-176E44F4A069}"
EndProject
Project("{FAE04EC0-301F-11D3-BF4B-00C04F79EFBC}") = "CTBX.ServiceDefaults", "src\CTBX.ServiceDefaults\CTBX.ServiceDefaults.csproj", "{AAFD7287-F306-4C3B-8DDA-4C6E55D7F806}"
EndProject
Project("{2150E333-8FDC-42A3-9474-1A3956D46DE8}") = "Aspire", "Aspire", "{6319A4DB-4E2F-4D6A-A42F-A18D5B2BDBF0}"
EndProject
Project("{2150E333-8FDC-42A3-9474-1A3956D46DE8}") = "Host.Web", "Host.Web", "{986E3D6B-5B51-4054-8825-5D1218D2EDCB}"
EndProject
Project("{2150E333-8FDC-42A3-9474-1A3956D46DE8}") = "Host.IDP", "Host.IDP", "{6EF4D6AC-E5BB-4826-86F5-1D5D10376F73}"
EndProject
Project("{FAE04EC0-301F-11D3-BF4B-00C04F79EFBC}") = "IDP", "src\IDP\IDP.csproj", "{EBCC0C71-16A5-47AE-B204-14A8297F2711}"
EndProject
Project("{FAE04EC0-301F-11D3-BF4B-00C04F79EFBC}") = "CTBX.Backend", "src\CTBX.Backend\CTBX.Backend.csproj", "{AFC31ED7-DA8C-4B11-AA3F-6BBD2BE34DE3}"
EndProject
Project("{2150E333-8FDC-42A3-9474-1A3956D46DE8}") = "Host.Backend", "Host.Backend", "{8CCEB9CD-72F1-479C-BC2D-13A0B404B30A}"
EndProject
Project("{2150E333-8FDC-42A3-9474-1A3956D46DE8}") = "Common", "Common", "{4805B004-5D5A-449B-B73F-E0BF85E025F5}"
EndProject
Project("{2150E333-8FDC-42A3-9474-1A3956D46DE8}") = "Features.AbsenceManagement", "Features.AbsenceManagement", "{A231E683-AE15-4E58-8C55-391AC12E5916}"
EndProject
Project("{FAE04EC0-301F-11D3-BF4B-00C04F79EFBC}") = "CTBX.AbsenceManagement.Backend", "src\CTBX.AbsenceManagement\CTBX.AbsenceManagement.Backend.csproj", "{19C9E6DF-9E5D-4592-8C2C-B8BA7C223461}"
EndProject
Project("{FAE04EC0-301F-11D3-BF4B-00C04F79EFBC}") = "CTBX.AbsenceManagement.UI", "src\CTBX.AbsenceManagement.UI\CTBX.AbsenceManagement.UI.csproj", "{DACF86C6-DDE1-4802-A0AF-A5CB58FEC7FD}"
EndProject
Project("{2150E333-8FDC-42A3-9474-1A3956D46DE8}") = "Feature.EmployeesUpload", "Feature.EmployeesUpload", "{9FA5B9C1-C402-4C8F-A804-6D5BD55DDF91}"
EndProject
Project("{FAE04EC0-301F-11D3-BF4B-00C04F79EFBC}") = "CTBX.EmployeesImport.UI", "src\CTBX.EmployeesImport.UI\CTBX.EmployeesImport.UI.csproj", "{0FD3A5D5-1DE1-4FF4-9DDB-E9C77CCFF944}"
EndProject
Project("{2150E333-8FDC-42A3-9474-1A3956D46DE8}") = "Common.Utils", "Common.Utils", "{751E6878-286E-4608-A1AD-8C96C8ECBE38}"
EndProject
Project("{2150E333-8FDC-42A3-9474-1A3956D46DE8}") = "Solution Items", "Solution Items", "{66CBF272-58F5-415A-9CA5-BF15B63795FD}"
EndProject
Project("{FAE04EC0-301F-11D3-BF4B-00C04F79EFBC}") = "EmployeesImportTests", "tests\EmployeesImportTests\EmployeesImportTests.csproj", "{5EAC5704-E9CB-4971-AD7B-B8FB7A0C35A5}"
EndProject
Project("{FAE04EC0-301F-11D3-BF4B-00C04F79EFBC}") = "CTBX.EmployeesImport.Shared", "src\CTBX.EmployeesImport.Shared\CTBX.EmployeesImport.Shared.csproj", "{97834B18-9973-4301-8D7C-A4A5DD7FCBDC}"
EndProject
Project("{FAE04EC0-301F-11D3-BF4B-00C04F79EFBC}") = "CTBX.EmployeesImport.Backend", "src\CTBX.EmployeesImport.Backend\CTBX.EmployeesImport.Backend.csproj", "{E12F4FF3-6D8E-4156-98F9-6F5F1418B6B5}"
EndProject
Project("{FAE04EC0-301F-11D3-BF4B-00C04F79EFBC}") = "CTBX.CommonMudComponents", "src\CTBX.CommonMudComponents\CTBX.CommonMudComponents.csproj", "{8C6C78B3-6708-4677-8FDA-268BA316D255}"
EndProject
Project("{FAE04EC0-301F-11D3-BF4B-00C04F79EFBC}") = "CTBX.AbsenceManagement.Shared", "src\CTBX.AbsenceManagement.Shared\CTBX.AbsenceManagement.Shared.csproj", "{01F0FCD4-03F7-432E-A30D-CCACC073492E}"
EndProject
Global
	GlobalSection(SolutionConfigurationPlatforms) = preSolution
		Debug|Any CPU = Debug|Any CPU
		Release|Any CPU = Release|Any CPU
	EndGlobalSection
	GlobalSection(ProjectConfigurationPlatforms) = postSolution
		{0D7D37CE-38B4-4D0B-9BEB-3C9656D429B1}.Debug|Any CPU.ActiveCfg = Debug|Any CPU
		{0D7D37CE-38B4-4D0B-9BEB-3C9656D429B1}.Debug|Any CPU.Build.0 = Debug|Any CPU
		{0D7D37CE-38B4-4D0B-9BEB-3C9656D429B1}.Release|Any CPU.ActiveCfg = Release|Any CPU
		{0D7D37CE-38B4-4D0B-9BEB-3C9656D429B1}.Release|Any CPU.Build.0 = Release|Any CPU
		{1CC84EB3-55B4-4183-AF89-18B323B133D7}.Debug|Any CPU.ActiveCfg = Debug|Any CPU
		{1CC84EB3-55B4-4183-AF89-18B323B133D7}.Debug|Any CPU.Build.0 = Debug|Any CPU
		{1CC84EB3-55B4-4183-AF89-18B323B133D7}.Release|Any CPU.ActiveCfg = Release|Any CPU
		{1CC84EB3-55B4-4183-AF89-18B323B133D7}.Release|Any CPU.Build.0 = Release|Any CPU
		{2E94F147-BCA3-4AB4-8B4A-176E44F4A069}.Debug|Any CPU.ActiveCfg = Debug|Any CPU
		{2E94F147-BCA3-4AB4-8B4A-176E44F4A069}.Debug|Any CPU.Build.0 = Debug|Any CPU
		{2E94F147-BCA3-4AB4-8B4A-176E44F4A069}.Release|Any CPU.ActiveCfg = Release|Any CPU
		{2E94F147-BCA3-4AB4-8B4A-176E44F4A069}.Release|Any CPU.Build.0 = Release|Any CPU
		{AAFD7287-F306-4C3B-8DDA-4C6E55D7F806}.Debug|Any CPU.ActiveCfg = Debug|Any CPU
		{AAFD7287-F306-4C3B-8DDA-4C6E55D7F806}.Debug|Any CPU.Build.0 = Debug|Any CPU
		{AAFD7287-F306-4C3B-8DDA-4C6E55D7F806}.Release|Any CPU.ActiveCfg = Release|Any CPU
		{AAFD7287-F306-4C3B-8DDA-4C6E55D7F806}.Release|Any CPU.Build.0 = Release|Any CPU
		{EBCC0C71-16A5-47AE-B204-14A8297F2711}.Debug|Any CPU.ActiveCfg = Debug|Any CPU
		{EBCC0C71-16A5-47AE-B204-14A8297F2711}.Debug|Any CPU.Build.0 = Debug|Any CPU
		{EBCC0C71-16A5-47AE-B204-14A8297F2711}.Release|Any CPU.ActiveCfg = Release|Any CPU
		{EBCC0C71-16A5-47AE-B204-14A8297F2711}.Release|Any CPU.Build.0 = Release|Any CPU
		{AFC31ED7-DA8C-4B11-AA3F-6BBD2BE34DE3}.Debug|Any CPU.ActiveCfg = Debug|Any CPU
		{AFC31ED7-DA8C-4B11-AA3F-6BBD2BE34DE3}.Debug|Any CPU.Build.0 = Debug|Any CPU
		{AFC31ED7-DA8C-4B11-AA3F-6BBD2BE34DE3}.Release|Any CPU.ActiveCfg = Release|Any CPU
		{AFC31ED7-DA8C-4B11-AA3F-6BBD2BE34DE3}.Release|Any CPU.Build.0 = Release|Any CPU
		{19C9E6DF-9E5D-4592-8C2C-B8BA7C223461}.Debug|Any CPU.ActiveCfg = Debug|Any CPU
		{19C9E6DF-9E5D-4592-8C2C-B8BA7C223461}.Debug|Any CPU.Build.0 = Debug|Any CPU
		{19C9E6DF-9E5D-4592-8C2C-B8BA7C223461}.Release|Any CPU.ActiveCfg = Release|Any CPU
		{19C9E6DF-9E5D-4592-8C2C-B8BA7C223461}.Release|Any CPU.Build.0 = Release|Any CPU
		{DACF86C6-DDE1-4802-A0AF-A5CB58FEC7FD}.Debug|Any CPU.ActiveCfg = Debug|Any CPU
		{DACF86C6-DDE1-4802-A0AF-A5CB58FEC7FD}.Debug|Any CPU.Build.0 = Debug|Any CPU
		{DACF86C6-DDE1-4802-A0AF-A5CB58FEC7FD}.Release|Any CPU.ActiveCfg = Release|Any CPU
		{DACF86C6-DDE1-4802-A0AF-A5CB58FEC7FD}.Release|Any CPU.Build.0 = Release|Any CPU
		{0FD3A5D5-1DE1-4FF4-9DDB-E9C77CCFF944}.Debug|Any CPU.ActiveCfg = Debug|Any CPU
		{0FD3A5D5-1DE1-4FF4-9DDB-E9C77CCFF944}.Debug|Any CPU.Build.0 = Debug|Any CPU
		{0FD3A5D5-1DE1-4FF4-9DDB-E9C77CCFF944}.Release|Any CPU.ActiveCfg = Release|Any CPU
		{0FD3A5D5-1DE1-4FF4-9DDB-E9C77CCFF944}.Release|Any CPU.Build.0 = Release|Any CPU
		{5EAC5704-E9CB-4971-AD7B-B8FB7A0C35A5}.Debug|Any CPU.ActiveCfg = Debug|Any CPU
		{5EAC5704-E9CB-4971-AD7B-B8FB7A0C35A5}.Debug|Any CPU.Build.0 = Debug|Any CPU
		{5EAC5704-E9CB-4971-AD7B-B8FB7A0C35A5}.Release|Any CPU.ActiveCfg = Release|Any CPU
		{5EAC5704-E9CB-4971-AD7B-B8FB7A0C35A5}.Release|Any CPU.Build.0 = Release|Any CPU
		{97834B18-9973-4301-8D7C-A4A5DD7FCBDC}.Debug|Any CPU.ActiveCfg = Debug|Any CPU
		{97834B18-9973-4301-8D7C-A4A5DD7FCBDC}.Debug|Any CPU.Build.0 = Debug|Any CPU
		{97834B18-9973-4301-8D7C-A4A5DD7FCBDC}.Release|Any CPU.ActiveCfg = Release|Any CPU
		{97834B18-9973-4301-8D7C-A4A5DD7FCBDC}.Release|Any CPU.Build.0 = Release|Any CPU
		{E12F4FF3-6D8E-4156-98F9-6F5F1418B6B5}.Debug|Any CPU.ActiveCfg = Debug|Any CPU
		{E12F4FF3-6D8E-4156-98F9-6F5F1418B6B5}.Debug|Any CPU.Build.0 = Debug|Any CPU
		{E12F4FF3-6D8E-4156-98F9-6F5F1418B6B5}.Release|Any CPU.ActiveCfg = Release|Any CPU
		{E12F4FF3-6D8E-4156-98F9-6F5F1418B6B5}.Release|Any CPU.Build.0 = Release|Any CPU
		{8C6C78B3-6708-4677-8FDA-268BA316D255}.Debug|Any CPU.ActiveCfg = Debug|Any CPU
		{8C6C78B3-6708-4677-8FDA-268BA316D255}.Debug|Any CPU.Build.0 = Debug|Any CPU
		{8C6C78B3-6708-4677-8FDA-268BA316D255}.Release|Any CPU.ActiveCfg = Release|Any CPU
		{8C6C78B3-6708-4677-8FDA-268BA316D255}.Release|Any CPU.Build.0 = Release|Any CPU
		{01F0FCD4-03F7-432E-A30D-CCACC073492E}.Debug|Any CPU.ActiveCfg = Debug|Any CPU
		{01F0FCD4-03F7-432E-A30D-CCACC073492E}.Debug|Any CPU.Build.0 = Debug|Any CPU
		{01F0FCD4-03F7-432E-A30D-CCACC073492E}.Release|Any CPU.ActiveCfg = Release|Any CPU
		{01F0FCD4-03F7-432E-A30D-CCACC073492E}.Release|Any CPU.Build.0 = Release|Any CPU
	EndGlobalSection
	GlobalSection(SolutionProperties) = preSolution
		HideSolutionNode = FALSE
	EndGlobalSection
	GlobalSection(NestedProjects) = preSolution
		{0D7D37CE-38B4-4D0B-9BEB-3C9656D429B1} = {986E3D6B-5B51-4054-8825-5D1218D2EDCB}
		{1CC84EB3-55B4-4183-AF89-18B323B133D7} = {986E3D6B-5B51-4054-8825-5D1218D2EDCB}
		{2E94F147-BCA3-4AB4-8B4A-176E44F4A069} = {6319A4DB-4E2F-4D6A-A42F-A18D5B2BDBF0}
		{AAFD7287-F306-4C3B-8DDA-4C6E55D7F806} = {6319A4DB-4E2F-4D6A-A42F-A18D5B2BDBF0}
		{EBCC0C71-16A5-47AE-B204-14A8297F2711} = {6EF4D6AC-E5BB-4826-86F5-1D5D10376F73}
		{AFC31ED7-DA8C-4B11-AA3F-6BBD2BE34DE3} = {8CCEB9CD-72F1-479C-BC2D-13A0B404B30A}
		{19C9E6DF-9E5D-4592-8C2C-B8BA7C223461} = {A231E683-AE15-4E58-8C55-391AC12E5916}
		{DACF86C6-DDE1-4802-A0AF-A5CB58FEC7FD} = {A231E683-AE15-4E58-8C55-391AC12E5916}
		{0FD3A5D5-1DE1-4FF4-9DDB-E9C77CCFF944} = {9FA5B9C1-C402-4C8F-A804-6D5BD55DDF91}
		{66CBF272-58F5-415A-9CA5-BF15B63795FD} = {9FA5B9C1-C402-4C8F-A804-6D5BD55DDF91}
		{5EAC5704-E9CB-4971-AD7B-B8FB7A0C35A5} = {66CBF272-58F5-415A-9CA5-BF15B63795FD}
		{97834B18-9973-4301-8D7C-A4A5DD7FCBDC} = {9FA5B9C1-C402-4C8F-A804-6D5BD55DDF91}
		{E12F4FF3-6D8E-4156-98F9-6F5F1418B6B5} = {9FA5B9C1-C402-4C8F-A804-6D5BD55DDF91}
		{8C6C78B3-6708-4677-8FDA-268BA316D255} = {4805B004-5D5A-449B-B73F-E0BF85E025F5}
		{01F0FCD4-03F7-432E-A30D-CCACC073492E} = {A231E683-AE15-4E58-8C55-391AC12E5916}
	EndGlobalSection
	GlobalSection(ExtensibilityGlobals) = postSolution
		SolutionGuid = {D9A5A77E-C524-4362-8482-9F518DC4C82F}
	EndGlobalSection
EndGlobal
