
Microsoft Visual Studio Solution File, Format Version 12.00
# Visual Studio Version 17
VisualStudioVersion = 17.8.34511.84
MinimumVisualStudioVersion = 10.0.40219.1
Project("{9A19103F-16F7-4668-BE54-9A1E7A4F7556}") = "CTBX.AbsenceManagement.Core", "src\AbsenceManagement\CTBX.AbsenceManagement.Core.csproj", "{80201EDE-6610-4A14-9FFB-144C89ADA300}"
EndProject
Project("{2150E333-8FDC-42A3-9474-1A3956D46DE8}") = "tests", "tests", "{9ABF5D7C-E69D-41A2-B870-C7452E423B0B}"
EndProject
Project("{2150E333-8FDC-42A3-9474-1A3956D46DE8}") = "Absence", "Absence", "{127F600F-1DF6-4082-AC18-329ABC65DF74}"
EndProject
Project("{2150E333-8FDC-42A3-9474-1A3956D46DE8}") = "src", "src", "{794CE69C-8E42-46E5-B5B3-F332D4D1D368}"
EndProject
Project("{9A19103F-16F7-4668-BE54-9A1E7A4F7556}") = "AbsenceManagementTests", "tests\AbsenceManagementTests\AbsenceManagementTests.csproj", "{CF95AB52-A0B0-4083-ABEF-51ECD8297490}"
EndProject
Project("{9A19103F-16F7-4668-BE54-9A1E7A4F7556}") = "CTBX.AbsenceManagement.Application", "src\CTBX.AbsenceManagement.Application\CTBX.AbsenceManagement.Application.csproj", "{DCC1CB2F-71D9-4FFB-BE38-A7C703BE4E48}"
EndProject
Project("{9A19103F-16F7-4668-BE54-9A1E7A4F7556}") = "CTBX.Portal", "src\CTBX.Portal\CTBX.Portal\CTBX.Portal.csproj", "{1F0DDE99-03B9-4DE3-89CD-25604F86A726}"
EndProject
Project("{9A19103F-16F7-4668-BE54-9A1E7A4F7556}") = "CTBX.Portal.Client", "src\CTBX.Portal\CTBX.Portal.Client\CTBX.Portal.Client.csproj", "{EB2F5207-CA7C-4B06-9F2E-D8A8A8888EA1}"
EndProject
Project("{2150E333-8FDC-42A3-9474-1A3956D46DE8}") = "Portal", "Portal", "{83745669-AC35-4DFC-96D0-693A06BE6695}"
EndProject
Project("{2150E333-8FDC-42A3-9474-1A3956D46DE8}") = "Components", "Components", "{F8F37196-A3E8-4A86-815E-2703BBB29564}"
EndProject
Project("{9A19103F-16F7-4668-BE54-9A1E7A4F7556}") = "CTBX.Components.DashBoard", "src\CTBX.Components.DashBoard\CTBX.Components.DashBoard.csproj", "{F5147A56-10D6-4853-AD69-5AC1BFACF6B7}"
EndProject
Project("{9A19103F-16F7-4668-BE54-9A1E7A4F7556}") = "CTBX.Components.Navigation", "src\CTBX.Components.Navigation\CTBX.Components.Navigation.csproj", "{6B354A0B-E6A8-47A7-8724-5183F54C0A84}"
EndProject
Project("{FAE04EC0-301F-11D3-BF4B-00C04F79EFBC}") = "CTBX.Components.LeaveEditor", "src\CTBX.Components.LeaveEditor\CTBX.Components.LeaveEditor.csproj", "{B74CCC05-E93A-4247-99D9-4CA3E108315B}"
EndProject
Project("{FAE04EC0-301F-11D3-BF4B-00C04F79EFBC}") = "CTBX.Components.Common", "src\CTBX.Components.Common\CTBX.Components.Common.csproj", "{0C2D7D9D-DA68-402C-B6BE-75F43F01636E}"
EndProject
Project("{FAE04EC0-301F-11D3-BF4B-00C04F79EFBC}") = "CTBX.Components.EmployeeEditor", "src\CTBX.Components.EmployeeEditor\CTBX.Components.EmployeeEditor.csproj", "{E927A495-E4A7-4097-9AFB-3B2A086CF52F}"
EndProject
Global
	GlobalSection(SolutionConfigurationPlatforms) = preSolution
		Debug|Any CPU = Debug|Any CPU
		Release|Any CPU = Release|Any CPU
	EndGlobalSection
	GlobalSection(ProjectConfigurationPlatforms) = postSolution
		{80201EDE-6610-4A14-9FFB-144C89ADA300}.Debug|Any CPU.ActiveCfg = Debug|Any CPU
		{80201EDE-6610-4A14-9FFB-144C89ADA300}.Debug|Any CPU.Build.0 = Debug|Any CPU
		{80201EDE-6610-4A14-9FFB-144C89ADA300}.Release|Any CPU.ActiveCfg = Release|Any CPU
		{80201EDE-6610-4A14-9FFB-144C89ADA300}.Release|Any CPU.Build.0 = Release|Any CPU
		{CF95AB52-A0B0-4083-ABEF-51ECD8297490}.Debug|Any CPU.ActiveCfg = Debug|Any CPU
		{CF95AB52-A0B0-4083-ABEF-51ECD8297490}.Debug|Any CPU.Build.0 = Debug|Any CPU
		{CF95AB52-A0B0-4083-ABEF-51ECD8297490}.Release|Any CPU.ActiveCfg = Release|Any CPU
		{CF95AB52-A0B0-4083-ABEF-51ECD8297490}.Release|Any CPU.Build.0 = Release|Any CPU
		{DCC1CB2F-71D9-4FFB-BE38-A7C703BE4E48}.Debug|Any CPU.ActiveCfg = Debug|Any CPU
		{DCC1CB2F-71D9-4FFB-BE38-A7C703BE4E48}.Debug|Any CPU.Build.0 = Debug|Any CPU
		{DCC1CB2F-71D9-4FFB-BE38-A7C703BE4E48}.Release|Any CPU.ActiveCfg = Release|Any CPU
		{DCC1CB2F-71D9-4FFB-BE38-A7C703BE4E48}.Release|Any CPU.Build.0 = Release|Any CPU
		{1F0DDE99-03B9-4DE3-89CD-25604F86A726}.Debug|Any CPU.ActiveCfg = Debug|Any CPU
		{1F0DDE99-03B9-4DE3-89CD-25604F86A726}.Debug|Any CPU.Build.0 = Debug|Any CPU
		{1F0DDE99-03B9-4DE3-89CD-25604F86A726}.Release|Any CPU.ActiveCfg = Release|Any CPU
		{1F0DDE99-03B9-4DE3-89CD-25604F86A726}.Release|Any CPU.Build.0 = Release|Any CPU
		{EB2F5207-CA7C-4B06-9F2E-D8A8A8888EA1}.Debug|Any CPU.ActiveCfg = Debug|Any CPU
		{EB2F5207-CA7C-4B06-9F2E-D8A8A8888EA1}.Debug|Any CPU.Build.0 = Debug|Any CPU
		{EB2F5207-CA7C-4B06-9F2E-D8A8A8888EA1}.Release|Any CPU.ActiveCfg = Release|Any CPU
		{EB2F5207-CA7C-4B06-9F2E-D8A8A8888EA1}.Release|Any CPU.Build.0 = Release|Any CPU
		{F5147A56-10D6-4853-AD69-5AC1BFACF6B7}.Debug|Any CPU.ActiveCfg = Debug|Any CPU
		{F5147A56-10D6-4853-AD69-5AC1BFACF6B7}.Debug|Any CPU.Build.0 = Debug|Any CPU
		{F5147A56-10D6-4853-AD69-5AC1BFACF6B7}.Release|Any CPU.ActiveCfg = Release|Any CPU
		{F5147A56-10D6-4853-AD69-5AC1BFACF6B7}.Release|Any CPU.Build.0 = Release|Any CPU
		{6B354A0B-E6A8-47A7-8724-5183F54C0A84}.Debug|Any CPU.ActiveCfg = Debug|Any CPU
		{6B354A0B-E6A8-47A7-8724-5183F54C0A84}.Debug|Any CPU.Build.0 = Debug|Any CPU
		{6B354A0B-E6A8-47A7-8724-5183F54C0A84}.Release|Any CPU.ActiveCfg = Release|Any CPU
		{6B354A0B-E6A8-47A7-8724-5183F54C0A84}.Release|Any CPU.Build.0 = Release|Any CPU
		{B74CCC05-E93A-4247-99D9-4CA3E108315B}.Debug|Any CPU.ActiveCfg = Debug|Any CPU
		{B74CCC05-E93A-4247-99D9-4CA3E108315B}.Debug|Any CPU.Build.0 = Debug|Any CPU
		{B74CCC05-E93A-4247-99D9-4CA3E108315B}.Release|Any CPU.ActiveCfg = Release|Any CPU
		{B74CCC05-E93A-4247-99D9-4CA3E108315B}.Release|Any CPU.Build.0 = Release|Any CPU
		{0C2D7D9D-DA68-402C-B6BE-75F43F01636E}.Debug|Any CPU.ActiveCfg = Debug|Any CPU
		{0C2D7D9D-DA68-402C-B6BE-75F43F01636E}.Debug|Any CPU.Build.0 = Debug|Any CPU
		{0C2D7D9D-DA68-402C-B6BE-75F43F01636E}.Release|Any CPU.ActiveCfg = Release|Any CPU
		{0C2D7D9D-DA68-402C-B6BE-75F43F01636E}.Release|Any CPU.Build.0 = Release|Any CPU
		{E927A495-E4A7-4097-9AFB-3B2A086CF52F}.Debug|Any CPU.ActiveCfg = Debug|Any CPU
		{E927A495-E4A7-4097-9AFB-3B2A086CF52F}.Debug|Any CPU.Build.0 = Debug|Any CPU
		{E927A495-E4A7-4097-9AFB-3B2A086CF52F}.Release|Any CPU.ActiveCfg = Release|Any CPU
		{E927A495-E4A7-4097-9AFB-3B2A086CF52F}.Release|Any CPU.Build.0 = Release|Any CPU
	EndGlobalSection
	GlobalSection(SolutionProperties) = preSolution
		HideSolutionNode = FALSE
	EndGlobalSection
	GlobalSection(NestedProjects) = preSolution
		{80201EDE-6610-4A14-9FFB-144C89ADA300} = {794CE69C-8E42-46E5-B5B3-F332D4D1D368}
		{9ABF5D7C-E69D-41A2-B870-C7452E423B0B} = {127F600F-1DF6-4082-AC18-329ABC65DF74}
		{794CE69C-8E42-46E5-B5B3-F332D4D1D368} = {127F600F-1DF6-4082-AC18-329ABC65DF74}
		{CF95AB52-A0B0-4083-ABEF-51ECD8297490} = {9ABF5D7C-E69D-41A2-B870-C7452E423B0B}
		{DCC1CB2F-71D9-4FFB-BE38-A7C703BE4E48} = {794CE69C-8E42-46E5-B5B3-F332D4D1D368}
		{1F0DDE99-03B9-4DE3-89CD-25604F86A726} = {83745669-AC35-4DFC-96D0-693A06BE6695}
		{EB2F5207-CA7C-4B06-9F2E-D8A8A8888EA1} = {83745669-AC35-4DFC-96D0-693A06BE6695}
		{F8F37196-A3E8-4A86-815E-2703BBB29564} = {83745669-AC35-4DFC-96D0-693A06BE6695}
		{F5147A56-10D6-4853-AD69-5AC1BFACF6B7} = {F8F37196-A3E8-4A86-815E-2703BBB29564}
		{6B354A0B-E6A8-47A7-8724-5183F54C0A84} = {F8F37196-A3E8-4A86-815E-2703BBB29564}
		{B74CCC05-E93A-4247-99D9-4CA3E108315B} = {F8F37196-A3E8-4A86-815E-2703BBB29564}
		{0C2D7D9D-DA68-402C-B6BE-75F43F01636E} = {F8F37196-A3E8-4A86-815E-2703BBB29564}
		{E927A495-E4A7-4097-9AFB-3B2A086CF52F} = {F8F37196-A3E8-4A86-815E-2703BBB29564}
	EndGlobalSection
	GlobalSection(ExtensibilityGlobals) = postSolution
		SolutionGuid = {D9A5A77E-C524-4362-8482-9F518DC4C82F}
	EndGlobalSection
EndGlobal
